
Microsoft Visual Studio Solution File, Format Version 12.00
# Visual Studio Version 16
VisualStudioVersion = 16.0.31321.278
MinimumVisualStudioVersion = 10.0.40219.1
Project("{FAE04EC0-301F-11D3-BF4B-00C04F79EFBC}") = "Airline_M_S", "Airline_M_S.csproj", "{7BCB4B1F-FC3A-49B8-B94B-D4B46BB2E666}"
EndProject
Global
	GlobalSection(SolutionConfigurationPlatforms) = preSolution
		Debug|Any CPU = Debug|Any CPU
		Release|Any CPU = Release|Any CPU
	EndGlobalSection
	GlobalSection(ProjectConfigurationPlatforms) = postSolution
		{7BCB4B1F-FC3A-49B8-B94B-D4B46BB2E666}.Debug|Any CPU.ActiveCfg = Debug|Any CPU
		{7BCB4B1F-FC3A-49B8-B94B-D4B46BB2E666}.Debug|Any CPU.Build.0 = Debug|Any CPU
		{7BCB4B1F-FC3A-49B8-B94B-D4B46BB2E666}.Release|Any CPU.ActiveCfg = Release|Any CPU
		{7BCB4B1F-FC3A-49B8-B94B-D4B46BB2E666}.Release|Any CPU.Build.0 = Release|Any CPU
	EndGlobalSection
	GlobalSection(SolutionProperties) = preSolution
		HideSolutionNode = FALSE
	EndGlobalSection
	GlobalSection(ExtensibilityGlobals) = postSolution
		SolutionGuid = {38A389A2-B1FE-41A2-A8B1-A6A63EBEB192}
	EndGlobalSection
EndGlobal
